
Microsoft Visual Studio Solution File, Format Version 12.00
# Visual Studio Version 16
VisualStudioVersion = 16.0.29503.13
MinimumVisualStudioVersion = 10.0.40219.1
Project("{FAE04EC0-301F-11D3-BF4B-00C04F79EFBC}") = "ScrammbledWordGame", "ScrammbledWordGame.csproj", "{0873B190-83E8-45A2-92A4-CB611D1014AF}"
EndProject
Project("{FAE04EC0-301F-11D3-BF4B-00C04F79EFBC}") = "WordUnsacrambler.Test.unit", "..\WordUnsacrambler.Test.unit\WordUnsacrambler.Test.unit.csproj", "{3EEE07E3-7D8A-4B5E-919A-D2F8275562CC}"
EndProject
Global
	GlobalSection(SolutionConfigurationPlatforms) = preSolution
		Debug|Any CPU = Debug|Any CPU
		Release|Any CPU = Release|Any CPU
	EndGlobalSection
	GlobalSection(ProjectConfigurationPlatforms) = postSolution
		{0873B190-83E8-45A2-92A4-CB611D1014AF}.Debug|Any CPU.ActiveCfg = Debug|Any CPU
		{0873B190-83E8-45A2-92A4-CB611D1014AF}.Debug|Any CPU.Build.0 = Debug|Any CPU
		{0873B190-83E8-45A2-92A4-CB611D1014AF}.Release|Any CPU.ActiveCfg = Release|Any CPU
		{0873B190-83E8-45A2-92A4-CB611D1014AF}.Release|Any CPU.Build.0 = Release|Any CPU
		{3EEE07E3-7D8A-4B5E-919A-D2F8275562CC}.Debug|Any CPU.ActiveCfg = Debug|Any CPU
		{3EEE07E3-7D8A-4B5E-919A-D2F8275562CC}.Debug|Any CPU.Build.0 = Debug|Any CPU
		{3EEE07E3-7D8A-4B5E-919A-D2F8275562CC}.Release|Any CPU.ActiveCfg = Release|Any CPU
		{3EEE07E3-7D8A-4B5E-919A-D2F8275562CC}.Release|Any CPU.Build.0 = Release|Any CPU
	EndGlobalSection
	GlobalSection(SolutionProperties) = preSolution
		HideSolutionNode = FALSE
	EndGlobalSection
	GlobalSection(ExtensibilityGlobals) = postSolution
		SolutionGuid = {17774AB8-73A9-47B6-B3EE-DC90FF1E6C5E}
	EndGlobalSection
EndGlobal
